PODS:
  - KakaoMapsSDK (2.10.4)
  - SnapKit (5.0.1)

DEPENDENCIES:
  - KakaoMapsSDK (= 2.10.4)
  - SnapKit (~> 5.0.0)

SPEC REPOS:
  trunk:
    - KakaoMapsSDK
    - SnapKit

SPEC CHECKSUMS:
  KakaoMapsSDK: 6ceb9740762945bcefb1cdb61123e48abf6e6a5d
  SnapKit: 97b92857e3df3a0c71833cce143274bf6ef8e5eb

PODFILE CHECKSUM: 623bd609e52edbbec5d4f95a06ba49cd6a69bd87

COCOAPODS: 1.15.2
